
Microsoft Visual Studio Solution File, Format Version 12.00
# Visual Studio 15
VisualStudioVersion = 15.0.28307.705
MinimumVisualStudioVersion = 10.0.40219.1
Project("{9A19103F-16F7-4668-BE54-9A1E7A4F7556}") = "Jetsons.JetPack.Text", "Jetsons.JetPack.Text.csproj", "{D5CDE8F3-E0CA-4C76-97C3-52EB608BFB8E}"
EndProject
Global
	GlobalSection(SolutionConfigurationPlatforms) = preSolution
		Debug|Any CPU = Debug|Any CPU
		Release|Any CPU = Release|Any CPU
	EndGlobalSection
	GlobalSection(ProjectConfigurationPlatforms) = postSolution
		{D5CDE8F3-E0CA-4C76-97C3-52EB608BFB8E}.Debug|Any CPU.ActiveCfg = Debug|Any CPU
		{D5CDE8F3-E0CA-4C76-97C3-52EB608BFB8E}.Debug|Any CPU.Build.0 = Debug|Any CPU
		{D5CDE8F3-E0CA-4C76-97C3-52EB608BFB8E}.Release|Any CPU.ActiveCfg = Release|Any CPU
		{D5CDE8F3-E0CA-4C76-97C3-52EB608BFB8E}.Release|Any CPU.Build.0 = Release|Any CPU
	EndGlobalSection
	GlobalSection(SolutionProperties) = preSolution
		HideSolutionNode = FALSE
	EndGlobalSection
	GlobalSection(ExtensibilityGlobals) = postSolution
		SolutionGuid = {B88480F2-C22B-4268-A9E3-445CD32F250F}
	EndGlobalSection
EndGlobal
